
Microsoft Visual Studio Solution File, Format Version 12.00
# Visual Studio Version 17
VisualStudioVersion = 17.11.35327.3
MinimumVisualStudioVersion = 10.0.40219.1
Project("{FAE04EC0-301F-11D3-BF4B-00C04F79EFBC}") = "ARDUINO1BUENO", "ARDUINO1BUENO\ARDUINO1BUENO.csproj", "{CE52F0B0-9988-4070-AA4B-10B6274118F5}"
EndProject
Global
	GlobalSection(SolutionConfigurationPlatforms) = preSolution
		Debug|Any CPU = Debug|Any CPU
		Release|Any CPU = Release|Any CPU
	EndGlobalSection
	GlobalSection(ProjectConfigurationPlatforms) = postSolution
		{CE52F0B0-9988-4070-AA4B-10B6274118F5}.Debug|Any CPU.ActiveCfg = Debug|Any CPU
		{CE52F0B0-9988-4070-AA4B-10B6274118F5}.Debug|Any CPU.Build.0 = Debug|Any CPU
		{CE52F0B0-9988-4070-AA4B-10B6274118F5}.Release|Any CPU.ActiveCfg = Release|Any CPU
		{CE52F0B0-9988-4070-AA4B-10B6274118F5}.Release|Any CPU.Build.0 = Release|Any CPU
	EndGlobalSection
	GlobalSection(SolutionProperties) = preSolution
		HideSolutionNode = FALSE
	EndGlobalSection
	GlobalSection(ExtensibilityGlobals) = postSolution
		SolutionGuid = {9086ADD7-5764-4B4F-8C48-0289CBF3A5EE}
	EndGlobalSection
EndGlobal
