
Microsoft Visual Studio Solution File, Format Version 12.00
# Visual Studio Version 17
VisualStudioVersion = 17.11.35327.3
MinimumVisualStudioVersion = 10.0.40219.1
Project("{FAE04EC0-301F-11D3-BF4B-00C04F79EFBC}") = "PRACTICA 6", "PRACTICA 6\PRACTICA 6.csproj", "{8884A460-DEDC-42B0-9883-F74073226428}"
EndProject
Global
	GlobalSection(SolutionConfigurationPlatforms) = preSolution
		Debug|Any CPU = Debug|Any CPU
		Release|Any CPU = Release|Any CPU
	EndGlobalSection
	GlobalSection(ProjectConfigurationPlatforms) = postSolution
		{8884A460-DEDC-42B0-9883-F74073226428}.Debug|Any CPU.ActiveCfg = Debug|Any CPU
		{8884A460-DEDC-42B0-9883-F74073226428}.Debug|Any CPU.Build.0 = Debug|Any CPU
		{8884A460-DEDC-42B0-9883-F74073226428}.Release|Any CPU.ActiveCfg = Release|Any CPU
		{8884A460-DEDC-42B0-9883-F74073226428}.Release|Any CPU.Build.0 = Release|Any CPU
	EndGlobalSection
	GlobalSection(SolutionProperties) = preSolution
		HideSolutionNode = FALSE
	EndGlobalSection
	GlobalSection(ExtensibilityGlobals) = postSolution
		SolutionGuid = {B685FC78-88A7-4063-B5FB-F25C99DDC417}
	EndGlobalSection
EndGlobal
